
Microsoft Visual Studio Solution File, Format Version 11.00
# Visual Studio 2010
# SharpDevelop 5.1
Project("{FAE04EC0-301F-11D3-BF4B-00C04F79EFBC}") = "SerialDebugHelper", "demo\SerialDebugHelper.csproj", "{4B63FFBC-086B-4613-ADBA-E3571E1972DE}"
EndProject
Global
	GlobalSection(SolutionConfigurationPlatforms) = preSolution
		Debug|Any CPU = Debug|Any CPU
		Release|Any CPU = Release|Any CPU
	EndGlobalSection
	GlobalSection(ProjectConfigurationPlatforms) = postSolution
		{4B63FFBC-086B-4613-ADBA-E3571E1972DE}.Debug|Any CPU.ActiveCfg = Debug|Any CPU
		{4B63FFBC-086B-4613-ADBA-E3571E1972DE}.Debug|Any CPU.Build.0 = Debug|Any CPU
		{4B63FFBC-086B-4613-ADBA-E3571E1972DE}.Release|Any CPU.ActiveCfg = Release|Any CPU
		{4B63FFBC-086B-4613-ADBA-E3571E1972DE}.Release|Any CPU.Build.0 = Release|Any CPU
	EndGlobalSection
EndGlobal
